
Microsoft Visual Studio Solution File, Format Version 12.00
# Visual Studio Version 17
VisualStudioVersion = 17.8.34330.188
MinimumVisualStudioVersion = 10.0.40219.1
Project("{2150E333-8FDC-42A3-9474-1A3956D46DE8}") = "Services", "Services", "{DE9C3E91-B8B1-4B8F-A639-476CCF65A833}"
EndProject
Project("{2150E333-8FDC-42A3-9474-1A3956D46DE8}") = "Catalog", "Catalog", "{15BF0DCA-9B58-47C9-9190-CC231BB25DD6}"
EndProject
Project("{9A19103F-16F7-4668-BE54-9A1E7A4F7556}") = "FreeCourse.Services.Catalog", "Services\Catalog\FreeCourse.Services.Catalog\FreeCourse.Services.Catalog.csproj", "{84A2F902-CA4C-4BA0-BB9B-628A9736D942}"
EndProject
Project("{2150E333-8FDC-42A3-9474-1A3956D46DE8}") = "Solution Items", "Solution Items", "{D6D8BB78-DA87-4872-AFF4-86AD852DA521}"
	ProjectSection(SolutionItems) = preProject
		Ports.txt = Ports.txt
	EndProjectSection
EndProject
Project("{2150E333-8FDC-42A3-9474-1A3956D46DE8}") = "Shared", "Shared", "{A165257A-626E-401D-8761-807081B1FFC0}"
EndProject
Project("{9A19103F-16F7-4668-BE54-9A1E7A4F7556}") = "FreeCourse.Shared", "Shared\FreeCourse.Shared\FreeCourse.Shared.csproj", "{6951B8B8-2D3F-4C38-B202-8B263331CDA2}"
EndProject
Project("{2150E333-8FDC-42A3-9474-1A3956D46DE8}") = "IdentityServer", "IdentityServer", "{DCF41ED2-D848-405A-B029-8E2B327CC186}"
EndProject
Project("{9A19103F-16F7-4668-BE54-9A1E7A4F7556}") = "FreeCourse.IdentityServer", "IdentityServer\FreeCourse.IdentityServer\FreeCourse.IdentityServer.csproj", "{D568D904-088B-49A7-B091-8C99DCB45BEF}"
EndProject
Project("{2150E333-8FDC-42A3-9474-1A3956D46DE8}") = "PhotoStock", "PhotoStock", "{AF89E41E-AF22-43D8-A5CB-1E8CA0C10A83}"
EndProject
Project("{9A19103F-16F7-4668-BE54-9A1E7A4F7556}") = "FreeCourse.Services.PhotoStock", "Services\PhotoStock\FreeCourse.Services.PhotoStock\FreeCourse.Services.PhotoStock.csproj", "{ADB2AE7F-472D-428F-9BC9-B16AF0A98516}"
EndProject
Project("{2150E333-8FDC-42A3-9474-1A3956D46DE8}") = "Basket", "Basket", "{80FB7EEE-33F5-4348-9671-8D8DFA8EB683}"
EndProject
Project("{9A19103F-16F7-4668-BE54-9A1E7A4F7556}") = "FreeCourse.Services.Basket", "Services\Basket\FreeCourse.Services.Basket\FreeCourse.Services.Basket.csproj", "{BB60A952-27E2-4A2B-93ED-FA6AAB0B2FDF}"
EndProject
Project("{2150E333-8FDC-42A3-9474-1A3956D46DE8}") = "Discount", "Discount", "{83DD3718-BB1F-4B29-8854-7BC701A4DAC8}"
EndProject
Project("{FAE04EC0-301F-11D3-BF4B-00C04F79EFBC}") = "FreeCourse.Services.Discount", "Services\Discount\FreeCourse.Services.Discount\FreeCourse.Services.Discount.csproj", "{796DA9FD-F522-43BE-B3AD-C26FD95058ED}"
EndProject
Global
	GlobalSection(SolutionConfigurationPlatforms) = preSolution
		Debug|Any CPU = Debug|Any CPU
		Release|Any CPU = Release|Any CPU
	EndGlobalSection
	GlobalSection(ProjectConfigurationPlatforms) = postSolution
		{84A2F902-CA4C-4BA0-BB9B-628A9736D942}.Debug|Any CPU.ActiveCfg = Debug|Any CPU
		{84A2F902-CA4C-4BA0-BB9B-628A9736D942}.Debug|Any CPU.Build.0 = Debug|Any CPU
		{84A2F902-CA4C-4BA0-BB9B-628A9736D942}.Release|Any CPU.ActiveCfg = Release|Any CPU
		{84A2F902-CA4C-4BA0-BB9B-628A9736D942}.Release|Any CPU.Build.0 = Release|Any CPU
		{6951B8B8-2D3F-4C38-B202-8B263331CDA2}.Debug|Any CPU.ActiveCfg = Debug|Any CPU
		{6951B8B8-2D3F-4C38-B202-8B263331CDA2}.Debug|Any CPU.Build.0 = Debug|Any CPU
		{6951B8B8-2D3F-4C38-B202-8B263331CDA2}.Release|Any CPU.ActiveCfg = Release|Any CPU
		{6951B8B8-2D3F-4C38-B202-8B263331CDA2}.Release|Any CPU.Build.0 = Release|Any CPU
		{D568D904-088B-49A7-B091-8C99DCB45BEF}.Debug|Any CPU.ActiveCfg = Debug|Any CPU
		{D568D904-088B-49A7-B091-8C99DCB45BEF}.Debug|Any CPU.Build.0 = Debug|Any CPU
		{D568D904-088B-49A7-B091-8C99DCB45BEF}.Release|Any CPU.ActiveCfg = Release|Any CPU
		{D568D904-088B-49A7-B091-8C99DCB45BEF}.Release|Any CPU.Build.0 = Release|Any CPU
		{ADB2AE7F-472D-428F-9BC9-B16AF0A98516}.Debug|Any CPU.ActiveCfg = Debug|Any CPU
		{ADB2AE7F-472D-428F-9BC9-B16AF0A98516}.Debug|Any CPU.Build.0 = Debug|Any CPU
		{ADB2AE7F-472D-428F-9BC9-B16AF0A98516}.Release|Any CPU.ActiveCfg = Release|Any CPU
		{ADB2AE7F-472D-428F-9BC9-B16AF0A98516}.Release|Any CPU.Build.0 = Release|Any CPU
		{BB60A952-27E2-4A2B-93ED-FA6AAB0B2FDF}.Debug|Any CPU.ActiveCfg = Debug|Any CPU
		{BB60A952-27E2-4A2B-93ED-FA6AAB0B2FDF}.Debug|Any CPU.Build.0 = Debug|Any CPU
		{BB60A952-27E2-4A2B-93ED-FA6AAB0B2FDF}.Release|Any CPU.ActiveCfg = Release|Any CPU
		{BB60A952-27E2-4A2B-93ED-FA6AAB0B2FDF}.Release|Any CPU.Build.0 = Release|Any CPU
		{796DA9FD-F522-43BE-B3AD-C26FD95058ED}.Debug|Any CPU.ActiveCfg = Debug|Any CPU
		{796DA9FD-F522-43BE-B3AD-C26FD95058ED}.Debug|Any CPU.Build.0 = Debug|Any CPU
		{796DA9FD-F522-43BE-B3AD-C26FD95058ED}.Release|Any CPU.ActiveCfg = Release|Any CPU
		{796DA9FD-F522-43BE-B3AD-C26FD95058ED}.Release|Any CPU.Build.0 = Release|Any CPU
	EndGlobalSection
	GlobalSection(SolutionProperties) = preSolution
		HideSolutionNode = FALSE
	EndGlobalSection
	GlobalSection(NestedProjects) = preSolution
		{15BF0DCA-9B58-47C9-9190-CC231BB25DD6} = {DE9C3E91-B8B1-4B8F-A639-476CCF65A833}
		{84A2F902-CA4C-4BA0-BB9B-628A9736D942} = {15BF0DCA-9B58-47C9-9190-CC231BB25DD6}
		{6951B8B8-2D3F-4C38-B202-8B263331CDA2} = {A165257A-626E-401D-8761-807081B1FFC0}
		{D568D904-088B-49A7-B091-8C99DCB45BEF} = {DCF41ED2-D848-405A-B029-8E2B327CC186}
		{AF89E41E-AF22-43D8-A5CB-1E8CA0C10A83} = {DE9C3E91-B8B1-4B8F-A639-476CCF65A833}
		{ADB2AE7F-472D-428F-9BC9-B16AF0A98516} = {AF89E41E-AF22-43D8-A5CB-1E8CA0C10A83}
		{80FB7EEE-33F5-4348-9671-8D8DFA8EB683} = {DE9C3E91-B8B1-4B8F-A639-476CCF65A833}
		{BB60A952-27E2-4A2B-93ED-FA6AAB0B2FDF} = {80FB7EEE-33F5-4348-9671-8D8DFA8EB683}
		{83DD3718-BB1F-4B29-8854-7BC701A4DAC8} = {DE9C3E91-B8B1-4B8F-A639-476CCF65A833}
		{796DA9FD-F522-43BE-B3AD-C26FD95058ED} = {83DD3718-BB1F-4B29-8854-7BC701A4DAC8}
	EndGlobalSection
	GlobalSection(ExtensibilityGlobals) = postSolution
		SolutionGuid = {E1499163-B67F-403A-BD12-243F2E3C5292}
	EndGlobalSection
EndGlobal
